
Microsoft Visual Studio Solution File, Format Version 12.00
# Visual Studio Version 17
VisualStudioVersion = 17.14.36408.4 d17.14
MinimumVisualStudioVersion = 10.0.40219.1
Project("{FAE04EC0-301F-11D3-BF4B-00C04F79EFBC}") = "CardaoioDigital", "CardaoioDigital\CardaoioDigital.csproj", "{32A31692-F429-4936-B7F5-3315E6C29973}"
EndProject
Global
	GlobalSection(SolutionConfigurationPlatforms) = preSolution
		Debug|Any CPU = Debug|Any CPU
		Release|Any CPU = Release|Any CPU
	EndGlobalSection
	GlobalSection(ProjectConfigurationPlatforms) = postSolution
		{32A31692-F429-4936-B7F5-3315E6C29973}.Debug|Any CPU.ActiveCfg = Debug|Any CPU
		{32A31692-F429-4936-B7F5-3315E6C29973}.Debug|Any CPU.Build.0 = Debug|Any CPU
		{32A31692-F429-4936-B7F5-3315E6C29973}.Release|Any CPU.ActiveCfg = Release|Any CPU
		{32A31692-F429-4936-B7F5-3315E6C29973}.Release|Any CPU.Build.0 = Release|Any CPU
	EndGlobalSection
	GlobalSection(SolutionProperties) = preSolution
		HideSolutionNode = FALSE
	EndGlobalSection
	GlobalSection(ExtensibilityGlobals) = postSolution
		SolutionGuid = {32DEA63E-90F1-4F29-AB37-5C8A23FD7BC4}
	EndGlobalSection
EndGlobal
